
Microsoft Visual Studio Solution File, Format Version 12.00
# Visual Studio Version 17
VisualStudioVersion = 17.1.32203.90
MinimumVisualStudioVersion = 10.0.40219.1
Project("{FAE04EC0-301F-11D3-BF4B-00C04F79EFBC}") = "Task3_3_3", "Task3_3_3\Task3_3_3.csproj", "{416FAF25-6F18-4B38-826B-B90A58995438}"
EndProject
Global
	GlobalSection(SolutionConfigurationPlatforms) = preSolution
		Debug|Any CPU = Debug|Any CPU
		Release|Any CPU = Release|Any CPU
	EndGlobalSection
	GlobalSection(ProjectConfigurationPlatforms) = postSolution
		{416FAF25-6F18-4B38-826B-B90A58995438}.Debug|Any CPU.ActiveCfg = Debug|Any CPU
		{416FAF25-6F18-4B38-826B-B90A58995438}.Debug|Any CPU.Build.0 = Debug|Any CPU
		{416FAF25-6F18-4B38-826B-B90A58995438}.Release|Any CPU.ActiveCfg = Release|Any CPU
		{416FAF25-6F18-4B38-826B-B90A58995438}.Release|Any CPU.Build.0 = Release|Any CPU
	EndGlobalSection
	GlobalSection(SolutionProperties) = preSolution
		HideSolutionNode = FALSE
	EndGlobalSection
	GlobalSection(ExtensibilityGlobals) = postSolution
		SolutionGuid = {7829CE9C-9B3E-4D16-A3C1-445CFEF044BD}
	EndGlobalSection
EndGlobal
