
Microsoft Visual Studio Solution File, Format Version 12.00
# Visual Studio Version 17
VisualStudioVersion = 17.0.31919.166
MinimumVisualStudioVersion = 10.0.40219.1
Project("{9A19103F-16F7-4668-BE54-9A1E7A4F7556}") = "Task3_1_1", "Task3_1_1\Task3_1_1.csproj", "{02C31D81-FBB8-467E-AF3B-26824BCE65AF}"
EndProject
Project("{FAE04EC0-301F-11D3-BF4B-00C04F79EFBC}") = "Task3_1_2", "Task3_1_2\Task3_1_2.csproj", "{65B0E444-35CF-4970-BA58-F9403084CBB4}"
EndProject
Global
	GlobalSection(SolutionConfigurationPlatforms) = preSolution
		Debug|Any CPU = Debug|Any CPU
		Release|Any CPU = Release|Any CPU
	EndGlobalSection
	GlobalSection(ProjectConfigurationPlatforms) = postSolution
		{02C31D81-FBB8-467E-AF3B-26824BCE65AF}.Debug|Any CPU.ActiveCfg = Debug|Any CPU
		{02C31D81-FBB8-467E-AF3B-26824BCE65AF}.Debug|Any CPU.Build.0 = Debug|Any CPU
		{02C31D81-FBB8-467E-AF3B-26824BCE65AF}.Release|Any CPU.ActiveCfg = Release|Any CPU
		{02C31D81-FBB8-467E-AF3B-26824BCE65AF}.Release|Any CPU.Build.0 = Release|Any CPU
		{65B0E444-35CF-4970-BA58-F9403084CBB4}.Debug|Any CPU.ActiveCfg = Debug|Any CPU
		{65B0E444-35CF-4970-BA58-F9403084CBB4}.Debug|Any CPU.Build.0 = Debug|Any CPU
		{65B0E444-35CF-4970-BA58-F9403084CBB4}.Release|Any CPU.ActiveCfg = Release|Any CPU
		{65B0E444-35CF-4970-BA58-F9403084CBB4}.Release|Any CPU.Build.0 = Release|Any CPU
	EndGlobalSection
	GlobalSection(SolutionProperties) = preSolution
		HideSolutionNode = FALSE
	EndGlobalSection
	GlobalSection(ExtensibilityGlobals) = postSolution
		SolutionGuid = {10AD96B9-4C70-4EA9-B69C-67ED125457F9}
	EndGlobalSection
EndGlobal
