
Microsoft Visual Studio Solution File, Format Version 12.00
# Visual Studio Version 17
VisualStudioVersion = 17.0.31919.166
MinimumVisualStudioVersion = 10.0.40219.1
Project("{FAE04EC0-301F-11D3-BF4B-00C04F79EFBC}") = "Task2_1_1", "Task2_1_1\Task2_1_1.csproj", "{6342C564-9492-4826-A575-9466696EA00E}"
EndProject
Project("{FAE04EC0-301F-11D3-BF4B-00C04F79EFBC}") = "StringCreator", "StringCreator\StringCreator.csproj", "{A6630152-E4B8-4FAD-A20A-757D09F5B21C}"
EndProject
Project("{FAE04EC0-301F-11D3-BF4B-00C04F79EFBC}") = "ProjectForUseMyDLL", "ProjectForUseMyDLL\ProjectForUseMyDLL.csproj", "{2471E0CE-5462-4F0D-951F-B0841D113BFA}"
EndProject
Global
	GlobalSection(SolutionConfigurationPlatforms) = preSolution
		Debug|Any CPU = Debug|Any CPU
		Release|Any CPU = Release|Any CPU
	EndGlobalSection
	GlobalSection(ProjectConfigurationPlatforms) = postSolution
		{6342C564-9492-4826-A575-9466696EA00E}.Debug|Any CPU.ActiveCfg = Debug|Any CPU
		{6342C564-9492-4826-A575-9466696EA00E}.Debug|Any CPU.Build.0 = Debug|Any CPU
		{6342C564-9492-4826-A575-9466696EA00E}.Release|Any CPU.ActiveCfg = Release|Any CPU
		{6342C564-9492-4826-A575-9466696EA00E}.Release|Any CPU.Build.0 = Release|Any CPU
		{A6630152-E4B8-4FAD-A20A-757D09F5B21C}.Debug|Any CPU.ActiveCfg = Debug|Any CPU
		{A6630152-E4B8-4FAD-A20A-757D09F5B21C}.Debug|Any CPU.Build.0 = Debug|Any CPU
		{A6630152-E4B8-4FAD-A20A-757D09F5B21C}.Release|Any CPU.ActiveCfg = Release|Any CPU
		{A6630152-E4B8-4FAD-A20A-757D09F5B21C}.Release|Any CPU.Build.0 = Release|Any CPU
		{2471E0CE-5462-4F0D-951F-B0841D113BFA}.Debug|Any CPU.ActiveCfg = Debug|Any CPU
		{2471E0CE-5462-4F0D-951F-B0841D113BFA}.Debug|Any CPU.Build.0 = Debug|Any CPU
		{2471E0CE-5462-4F0D-951F-B0841D113BFA}.Release|Any CPU.ActiveCfg = Release|Any CPU
		{2471E0CE-5462-4F0D-951F-B0841D113BFA}.Release|Any CPU.Build.0 = Release|Any CPU
	EndGlobalSection
	GlobalSection(SolutionProperties) = preSolution
		HideSolutionNode = FALSE
	EndGlobalSection
	GlobalSection(ExtensibilityGlobals) = postSolution
		SolutionGuid = {65252259-CE87-483F-B6E4-E76514F73960}
	EndGlobalSection
EndGlobal
